// !$*UTF8*$!
{
	archiveVersion = 1;
	classes = {
	};
	objectVersion = 46;
	objects = {

/* Begin PBXBuildFile section */
		A8FC2DCB1A1038EE00A204DB /* CFNetwork.framework in Frameworks */ = {isa = PBXBuildFile; fileRef = A8FC2DCA1A1038EE00A204DB /* CFNetwork.framework */; };
		A8FC2DCD1A1038EE00A204DB /* Security.framework in Frameworks */ = {isa = PBXBuildFile; fileRef = A8FC2DCC1A1038EE00A204DB /* Security.framework */; };
		A8FC2DCF1A1038EE00A204DB /* SystemConfiguration.framework in Frameworks */ = {isa = PBXBuildFile; fileRef = A8FC2DCE1A1038EE00A204DB /* SystemConfiguration.framework */; };
		A8FC2DD41A1038EE00A204DB /* AppDelegate.swift in Sources */ = {isa = PBXBuildFile; fileRef = A8FC2DD31A1038EE00A204DB /* AppDelegate.swift */; };
		A8FC2DD71A1038EE00A204DB /* Main.storyboard in Resources */ = {isa = PBXBuildFile; fileRef = A8FC2DD51A1038EE00A204DB /* Main.storyboard */; };
		A8FC2DDA1A1038EE00A204DB /* ___VARIABLE_classPrefix:identifier___ViewController.m in Sources */ = {isa = PBXBuildFile; fileRef = A8FC2DD91A1038EE00A204DB /* ___VARIABLE_classPrefix:identifier___ViewController.m */; };
		A8FC2DDC1A1038EE00A204DB /* Firebase.framework in Frameworks */ = {isa = PBXBuildFile; fileRef = A8FC2DDB1A1038EE00A204DB /* Firebase.framework */; };
		A8FC2DDE1A1038EE00A204DB /* Images.xcassets in Resources */ = {isa = PBXBuildFile; fileRef = A8FC2DDD1A1038EE00A204DB /* Images.xcassets */; };
		A8FC2DE11A1038EE00A204DB /* LaunchScreen.xib in Resources */ = {isa = PBXBuildFile; fileRef = A8FC2DDF1A1038EE00A204DB /* LaunchScreen.xib */; };
		A8FC2DED1A1038EE00A204DB /* FirstFireTests.swift in Sources */ = {isa = PBXBuildFile; fileRef = A8FC2DEC1A1038EE00A204DB /* FirstFireTests.swift */; };
/* End PBXBuildFile section */

/* Begin PBXContainerItemProxy section */
		A8FC2DE71A1038EE00A204DB /* PBXContainerItemProxy */ = {
			isa = PBXContainerItemProxy;
			containerPortal = A8FC2DBF1A1038EE00A204DB /* Project object */;
			proxyType = 1;
			remoteGlobalIDString = A8FC2DC61A1038EE00A204DB;
			remoteInfo = FirstFire;
		};
/* End PBXContainerItemProxy section */

/* Begin PBXFileReference section */
		A8FC2DC71A1038EE00A204DB /* FirstFire.app */ = {isa = PBXFileReference; explicitFileType = wrapper.application; includeInIndex = 0; path = FirstFire.app; sourceTree = BUILT_PRODUCTS_DIR; };
		A8FC2DCA1A1038EE00A204DB /* CFNetwork.framework */ = {isa = PBXFileReference; lastKnownFileType = wrapper.framework; name = CFNetwork.framework; path = System/Library/Frameworks/CFNetwork.framework; sourceTree = SDKROOT; };
		A8FC2DCC1A1038EE00A204DB /* Security.framework */ = {isa = PBXFileReference; lastKnownFileType = wrapper.framework; name = Security.framework; path = System/Library/Frameworks/Security.framework; sourceTree = SDKROOT; };
		A8FC2DCE1A1038EE00A204DB /* SystemConfiguration.framework */ = {isa = PBXFileReference; lastKnownFileType = wrapper.framework; name = SystemConfiguration.framework; path = System/Library/Frameworks/SystemConfiguration.framework; sourceTree = SDKROOT; };
		A8FC2DD21A1038EE00A204DB /* Info.plist */ = {isa = PBXFileReference; lastKnownFileType = text.plist.xml; path = Info.plist; sourceTree = "<group>"; };
		A8FC2DD31A1038EE00A204DB /* AppDelegate.swift */ = {isa = PBXFileReference; lastKnownFileType = sourcecode.swift; path = AppDelegate.swift; sourceTree = "<group>"; };
		A8FC2DD61A1038EE00A204DB /* Base */ = {isa = PBXFileReference; lastKnownFileType = file.storyboard; name = Base; path = Base.lproj/Main.storyboard; sourceTree = "<group>"; };
		A8FC2DD81A1038EE00A204DB /* ___VARIABLE_classPrefix:identifier___ViewController.h */ = {isa = PBXFileReference; lastKnownFileType = sourcecode.c.h; path = "___VARIABLE_classPrefix:identifier___ViewController.h"; sourceTree = "<group>"; };
		A8FC2DD91A1038EE00A204DB /* ___VARIABLE_classPrefix:identifier___ViewController.m */ = {isa = PBXFileReference; lastKnownFileType = sourcecode.c.objc; path = "___VARIABLE_classPrefix:identifier___ViewController.m"; sourceTree = "<group>"; };
		A8FC2DDB1A1038EE00A204DB /* Firebase.framework */ = {isa = PBXFileReference; lastKnownFileType = wrapper.framework; name = Firebase.framework; path = /Users/Shared/Firebase/Frameworks/Firebase.framework; sourceTree = "<absolute>"; };
		A8FC2DDD1A1038EE00A204DB /* Images.xcassets */ = {isa = PBXFileReference; lastKnownFileType = folder.assetcatalog; path = Images.xcassets; sourceTree = "<group>"; };
		A8FC2DE01A1038EE00A204DB /* Base */ = {isa = PBXFileReference; lastKnownFileType = file.xib; name = Base; path = Base.lproj/LaunchScreen.xib; sourceTree = "<group>"; };
		A8FC2DE61A1038EE00A204DB /* FirstFireTests.xctest */ = {isa = PBXFileReference; explicitFileType = wrapper.cfbundle; includeInIndex = 0; path = FirstFireTests.xctest; sourceTree = BUILT_PRODUCTS_DIR; };
		A8FC2DEB1A1038EE00A204DB /* Info.plist */ = {isa = PBXFileReference; lastKnownFileType = text.plist.xml; path = Info.plist; sourceTree = "<group>"; };
		A8FC2DEC1A1038EE00A204DB /* FirstFireTests.swift */ = {isa = PBXFileReference; lastKnownFileType = sourcecode.swift; path = FirstFireTests.swift; sourceTree = "<group>"; };
/* End PBXFileReference section */

/* Begin PBXFrameworksBuildPhase section */
		A8FC2DC41A1038EE00A204DB /* Frameworks */ = {
			isa = PBXFrameworksBuildPhase;
			buildActionMask = 2147483647;
			files = (
				A8FC2DCD1A1038EE00A204DB /* Security.framework in Frameworks */,
				A8FC2DCF1A1038EE00A204DB /* SystemConfiguration.framework in Frameworks */,
				A8FC2DCB1A1038EE00A204DB /* CFNetwork.framework in Frameworks */,
				A8FC2DDC1A1038EE00A204DB /* Firebase.framework in Frameworks */,
			);
			runOnlyForDeploymentPostprocessing = 0;
		};
		A8FC2DE31A1038EE00A204DB /* Frameworks */ = {
			isa = PBXFrameworksBuildPhase;
			buildActionMask = 2147483647;
			files = (
			);
			runOnlyForDeploymentPostprocessing = 0;
		};
/* End PBXFrameworksBuildPhase section */

/* Begin PBXGroup section */
		A8FC2DBE1A1038EE00A204DB = {
			isa = PBXGroup;
			children = (
				A8FC2DD01A1038EE00A204DB /* FirstFire */,
				A8FC2DE91A1038EE00A204DB /* FirstFireTests */,
				A8FC2DC91A1038EE00A204DB /* Frameworks */,
				A8FC2DC81A1038EE00A204DB /* Products */,
			);
			sourceTree = "<group>";
		};
		A8FC2DC81A1038EE00A204DB /* Products */ = {
			isa = PBXGroup;
			children = (
				A8FC2DC71A1038EE00A204DB /* FirstFire.app */,
				A8FC2DE61A1038EE00A204DB /* FirstFireTests.xctest */,
			);
			name = Products;
			sourceTree = "<group>";
		};
		A8FC2DC91A1038EE00A204DB /* Frameworks */ = {
			isa = PBXGroup;
			children = (
				A8FC2DCA1A1038EE00A204DB /* CFNetwork.framework */,
				A8FC2DCC1A1038EE00A204DB /* Security.framework */,
				A8FC2DCE1A1038EE00A204DB /* SystemConfiguration.framework */,
			);
			name = Frameworks;
			sourceTree = "<group>";
		};
		A8FC2DD01A1038EE00A204DB /* FirstFire */ = {
			isa = PBXGroup;
			children = (
				A8FC2DD31A1038EE00A204DB /* AppDelegate.swift */,
				A8FC2DD51A1038EE00A204DB /* Main.storyboard */,
				A8FC2DD81A1038EE00A204DB /* ___VARIABLE_classPrefix:identifier___ViewController.h */,
				A8FC2DD91A1038EE00A204DB /* ___VARIABLE_classPrefix:identifier___ViewController.m */,
				A8FC2DDB1A1038EE00A204DB /* Firebase.framework */,
				A8FC2DDD1A1038EE00A204DB /* Images.xcassets */,
				A8FC2DDF1A1038EE00A204DB /* LaunchScreen.xib */,
				A8FC2DD11A1038EE00A204DB /* Supporting Files */,
			);
			path = FirstFire;
			sourceTree = "<group>";
		};
		A8FC2DD11A1038EE00A204DB /* Supporting Files */ = {
			isa = PBXGroup;
			children = (
				A8FC2DD21A1038EE00A204DB /* Info.plist */,
			);
			name = "Supporting Files";
			sourceTree = "<group>";
		};
		A8FC2DE91A1038EE00A204DB /* FirstFireTests */ = {
			isa = PBXGroup;
			children = (
				A8FC2DEC1A1038EE00A204DB /* FirstFireTests.swift */,
				A8FC2DEA1A1038EE00A204DB /* Supporting Files */,
			);
			path = FirstFireTests;
			sourceTree = "<group>";
		};
		A8FC2DEA1A1038EE00A204DB /* Supporting Files */ = {
			isa = PBXGroup;
			children = (
				A8FC2DEB1A1038EE00A204DB /* Info.plist */,
			);
			name = "Supporting Files";
			sourceTree = "<group>";
		};
/* End PBXGroup section */

/* Begin PBXNativeTarget section */
		A8FC2DC61A1038EE00A204DB /* FirstFire */ = {
			isa = PBXNativeTarget;
			buildConfigurationList = A8FC2DF01A1038EE00A204DB /* Build configuration list for PBXNativeTarget "FirstFire" */;
			buildPhases = (
				A8FC2DC31A1038EE00A204DB /* Sources */,
				A8FC2DC41A1038EE00A204DB /* Frameworks */,
				A8FC2DC51A1038EE00A204DB /* Resources */,
			);
			buildRules = (
			);
			dependencies = (
			);
			name = FirstFire;
			productName = FirstFire;
			productReference = A8FC2DC71A1038EE00A204DB /* FirstFire.app */;
			productType = "com.apple.product-type.application";
		};
		A8FC2DE51A1038EE00A204DB /* FirstFireTests */ = {
			isa = PBXNativeTarget;
			buildConfigurationList = A8FC2DF31A1038EE00A204DB /* Build configuration list for PBXNativeTarget "FirstFireTests" */;
			buildPhases = (
				A8FC2DE21A1038EE00A204DB /* Sources */,
				A8FC2DE31A1038EE00A204DB /* Frameworks */,
				A8FC2DE41A1038EE00A204DB /* Resources */,
			);
			buildRules = (
			);
			dependencies = (
				A8FC2DE81A1038EE00A204DB /* PBXTargetDependency */,
			);
			name = FirstFireTests;
			productName = FirstFireTests;
			productReference = A8FC2DE61A1038EE00A204DB /* FirstFireTests.xctest */;
			productType = "com.apple.product-type.bundle.unit-test";
		};
/* End PBXNativeTarget section */

/* Begin PBXProject section */
		A8FC2DBF1A1038EE00A204DB /* Project object */ = {
			isa = PBXProject;
			attributes = {
				LastUpgradeCheck = 0610;
				ORGANIZATIONNAME = "Mick Swagger";
				TargetAttributes = {
					A8FC2DC61A1038EE00A204DB = {
						CreatedOnToolsVersion = 6.1;
					};
					A8FC2DE51A1038EE00A204DB = {
						CreatedOnToolsVersion = 6.1;
						TestTargetID = A8FC2DC61A1038EE00A204DB;
					};
				};
			};
			buildConfigurationList = A8FC2DC21A1038EE00A204DB /* Build configuration list for PBXProject "FirstFire" */;
			compatibilityVersion = "Xcode 3.2";
			developmentRegion = English;
			hasScannedForEncodings = 0;
			knownRegions = (
				en,
				Base,
			);
			mainGroup = A8FC2DBE1A1038EE00A204DB;
			productRefGroup = A8FC2DC81A1038EE00A204DB /* Products */;
			projectDirPath = "";
			projectRoot = "";
			targets = (
				A8FC2DC61A1038EE00A204DB /* FirstFire */,
				A8FC2DE51A1038EE00A204DB /* FirstFireTests */,
			);
		};
/* End PBXProject section */

/* Begin PBXResourcesBuildPhase section */
		A8FC2DC51A1038EE00A204DB /* Resources */ = {
			isa = PBXResourcesBuildPhase;
			buildActionMask = 2147483647;
			files = (
				A8FC2DD71A1038EE00A204DB /* Main.storyboard in Resources */,
				A8FC2DE11A1038EE00A204DB /* LaunchScreen.xib in Resources */,
				A8FC2DDE1A1038EE00A204DB /* Images.xcassets in Resources */,
			);
			runOnlyForDeploymentPostprocessing = 0;
		};
		A8FC2DE41A1038EE00A204DB /* Resources */ = {
			isa = PBXResourcesBuildPhase;
			buildActionMask = 2147483647;
			files = (
			);
			runOnlyForDeploymentPostprocessing = 0;
		};
/* End PBXResourcesBuildPhase section */

/* Begin PBXSourcesBuildPhase section */
		A8FC2DC31A1038EE00A204DB /* Sources */ = {
			isa = PBXSourcesBuildPhase;
			buildActionMask = 2147483647;
			files = (
				A8FC2DD41A1038EE00A204DB /* AppDelegate.swift in Sources */,
				A8FC2DDA1A1038EE00A204DB /* ___VARIABLE_classPrefix:identifier___ViewController.m in Sources */,
			);
			runOnlyForDeploymentPostprocessing = 0;
		};
		A8FC2DE21A1038EE00A204DB /* Sources */ = {
			isa = PBXSourcesBuildPhase;
			buildActionMask = 2147483647;
			files = (
				A8FC2DED1A1038EE00A204DB /* FirstFireTests.swift in Sources */,
			);
			runOnlyForDeploymentPostprocessing = 0;
		};
/* End PBXSourcesBuildPhase section */

/* Begin PBXTargetDependency section */
		A8FC2DE81A1038EE00A204DB /* PBXTargetDependency */ = {
			isa = PBXTargetDependency;
			target = A8FC2DC61A1038EE00A204DB /* FirstFire */;
			targetProxy = A8FC2DE71A1038EE00A204DB /* PBXContainerItemProxy */;
		};
/* End PBXTargetDependency section */

/* Begin PBXVariantGroup section */
		A8FC2DD51A1038EE00A204DB /* Main.storyboard */ = {
			isa = PBXVariantGroup;
			children = (
				A8FC2DD61A1038EE00A204DB /* Base */,
			);
			name = Main.storyboard;
			sourceTree = "<group>";
		};
		A8FC2DDF1A1038EE00A204DB /* LaunchScreen.xib */ = {
			isa = PBXVariantGroup;
			children = (
				A8FC2DE01A1038EE00A204DB /* Base */,
			);
			name = LaunchScreen.xib;
			sourceTree = "<group>";
		};
/* End PBXVariantGroup section */

/* Begin XCBuildConfiguration section */
		A8FC2DEE1A1038EE00A204DB /* Debug */ = {
			isa = XCBuildConfiguration;
			buildSettings = {
				ALWAYS_SEARCH_USER_PATHS = NO;
				CLANG_CXX_LANGUAGE_STANDARD = "gnu++0x";
				CLANG_CXX_LIBRARY = "libc++";
				CLANG_ENABLE_MODULES = YES;
				CLANG_ENABLE_OBJC_ARC = YES;
				CLANG_WARN_BOOL_CONVERSION = YES;
				CLANG_WARN_CONSTANT_CONVERSION = YES;
				CLANG_WARN_DIRECT_OBJC_ISA_USAGE = YES_ERROR;
				CLANG_WARN_EMPTY_BODY = YES;
				CLANG_WARN_ENUM_CONVERSION = YES;
				CLANG_WARN_INT_CONVERSION = YES;
				CLANG_WARN_OBJC_ROOT_CLASS = YES_ERROR;
				CLANG_WARN_UNREACHABLE_CODE = YES;
				CLANG_WARN__DUPLICATE_METHOD_MATCH = YES;
				"CODE_SIGN_IDENTITY[sdk=iphoneos*]" = "iPhone Developer";
				COPY_PHASE_STRIP = NO;
				ENABLE_STRICT_OBJC_MSGSEND = YES;
				GCC_C_LANGUAGE_STANDARD = gnu99;
				GCC_DYNAMIC_NO_PIC = NO;
				GCC_OPTIMIZATION_LEVEL = 0;
				GCC_PREPROCESSOR_DEFINITIONS = (
					"DEBUG=1",
					"$(inherited)",
				);
				GCC_SYMBOLS_PRIVATE_EXTERN = NO;
				GCC_WARN_64_TO_32_BIT_CONVERSION = YES;
				GCC_WARN_ABOUT_RETURN_TYPE = YES_ERROR;
				GCC_WARN_UNDECLARED_SELECTOR = YES;
				GCC_WARN_UNINITIALIZED_AUTOS = YES_AGGRESSIVE;
				GCC_WARN_UNUSED_FUNCTION = YES;
				GCC_WARN_UNUSED_VARIABLE = YES;
				IPHONEOS_DEPLOYMENT_TARGET = 8.1;
				MTL_ENABLE_DEBUG_INFO = YES;
				ONLY_ACTIVE_ARCH = YES;
				SDKROOT = iphoneos;
				SWIFT_OPTIMIZATION_LEVEL = "-Onone";
			};
			name = Debug;
		};
		A8FC2DEF1A1038EE00A204DB /* Release */ = {
			isa = XCBuildConfiguration;
			buildSettings = {
				ALWAYS_SEARCH_USER_PATHS = NO;
				CLANG_CXX_LANGUAGE_STANDARD = "gnu++0x";
				CLANG_CXX_LIBRARY = "libc++";
				CLANG_ENABLE_MODULES = YES;
				CLANG_ENABLE_OBJC_ARC = YES;
				CLANG_WARN_BOOL_CONVERSION = YES;
				CLANG_WARN_CONSTANT_CONVERSION = YES;
				CLANG_WARN_DIRECT_OBJC_ISA_USAGE = YES_ERROR;
				CLANG_WARN_EMPTY_BODY = YES;
				CLANG_WARN_ENUM_CONVERSION = YES;
				CLANG_WARN_INT_CONVERSION = YES;
				CLANG_WARN_OBJC_ROOT_CLASS = YES_ERROR;
				CLANG_WARN_UNREACHABLE_CODE = YES;
				CLANG_WARN__DUPLICATE_METHOD_MATCH = YES;
				"CODE_SIGN_IDENTITY[sdk=iphoneos*]" = "iPhone Developer";
				COPY_PHASE_STRIP = YES;
				ENABLE_NS_ASSERTIONS = NO;
				ENABLE_STRICT_OBJC_MSGSEND = YES;
				GCC_C_LANGUAGE_STANDARD = gnu99;
				GCC_WARN_64_TO_32_BIT_CONVERSION = YES;
				GCC_WARN_ABOUT_RETURN_TYPE = YES_ERROR;
				GCC_WARN_UNDECLARED_SELECTOR = YES;
				GCC_WARN_UNINITIALIZED_AUTOS = YES_AGGRESSIVE;
				GCC_WARN_UNUSED_FUNCTION = YES;
				GCC_WARN_UNUSED_VARIABLE = YES;
				IPHONEOS_DEPLOYMENT_TARGET = 8.1;
				MTL_ENABLE_DEBUG_INFO = NO;
				SDKROOT = iphoneos;
				VALIDATE_PRODUCT = YES;
			};
			name = Release;
		};
		A8FC2DF11A1038EE00A204DB /* Debug */ = {
			isa = XCBuildConfiguration;
			buildSettings = {
				ASSETCATALOG_COMPILER_APPICON_NAME = AppIcon;
				FRAMEWORK_SEARCH_PATHS = (
					"$(inherited)",
					/Users/Shared/Firebase/Frameworks,
				);
				INFOPLIST_FILE = FirstFire/Info.plist;
				LD_RUNPATH_SEARCH_PATHS = "$(inherited) @executable_path/Frameworks";
				OTHER_LDFLAGS = (
					"-ObjC",
					"-licucore",
					"-lc++",
				);
				PRODUCT_NAME = "$(TARGET_NAME)";
			};
			name = Debug;
		};
		A8FC2DF21A1038EE00A204DB /* Release */ = {
			isa = XCBuildConfiguration;
			buildSettings = {
				ASSETCATALOG_COMPILER_APPICON_NAME = AppIcon;
				FRAMEWORK_SEARCH_PATHS = (
					"$(inherited)",
					/Users/Shared/Firebase/Frameworks,
				);
				INFOPLIST_FILE = FirstFire/Info.plist;
				LD_RUNPATH_SEARCH_PATHS = "$(inherited) @executable_path/Frameworks";
				OTHER_LDFLAGS = (
					"-ObjC",
					"-licucore",
					"-lc++",
				);
				PRODUCT_NAME = "$(TARGET_NAME)";
			};
			name = Release;
		};
		A8FC2DF41A1038EE00A204DB /* Debug */ = {
			isa = XCBuildConfiguration;
			buildSettings = {
				BUNDLE_LOADER = "$(TEST_HOST)";
				FRAMEWORK_SEARCH_PATHS = (
					"$(SDKROOT)/Developer/Library/Frameworks",
					"$(inherited)",
				);
				GCC_PREPROCESSOR_DEFINITIONS = (
					"DEBUG=1",
					"$(inherited)",
				);
				INFOPLIST_FILE = FirstFireTests/Info.plist;
				LD_RUNPATH_SEARCH_PATHS = "$(inherited) @executable_path/Frameworks @loader_path/Frameworks";
				PRODUCT_NAME = "$(TARGET_NAME)";
				TEST_HOST = "$(BUILT_PRODUCTS_DIR)/FirstFire.app/FirstFire";
			};
			name = Debug;
		};
		A8FC2DF51A1038EE00A204DB /* Release */ = {
			isa = XCBuildConfiguration;
			buildSettings = {
				BUNDLE_LOADER = "$(TEST_HOST)";
				FRAMEWORK_SEARCH_PATHS = (
					"$(SDKROOT)/Developer/Library/Frameworks",
					"$(inherited)",
				);
				INFOPLIST_FILE = FirstFireTests/Info.plist;
				LD_RUNPATH_SEARCH_PATHS = "$(inherited) @executable_path/Frameworks @loader_path/Frameworks";
				PRODUCT_NAME = "$(TARGET_NAME)";
				TEST_HOST = "$(BUILT_PRODUCTS_DIR)/FirstFire.app/FirstFire";
			};
			name = Release;
		};
/* End XCBuildConfiguration section */

/* Begin XCConfigurationList section */
		A8FC2DC21A1038EE00A204DB /* Build configuration list for PBXProject "FirstFire" */ = {
			isa = XCConfigurationList;
			buildConfigurations = (
				A8FC2DEE1A1038EE00A204DB /* Debug */,
				A8FC2DEF1A1038EE00A204DB /* Release */,
			);
			defaultConfigurationIsVisible = 0;
			defaultConfigurationName = Release;
		};
		A8FC2DF01A1038EE00A204DB /* Build configuration list for PBXNativeTarget "FirstFire" */ = {
			isa = XCConfigurationList;
			buildConfigurations = (
				A8FC2DF11A1038EE00A204DB /* Debug */,
				A8FC2DF21A1038EE00A204DB /* Release */,
			);
			defaultConfigurationIsVisible = 0;
		};
		A8FC2DF31A1038EE00A204DB /* Build configuration list for PBXNativeTarget "FirstFireTests" */ = {
			isa = XCConfigurationList;
			buildConfigurations = (
				A8FC2DF41A1038EE00A204DB /* Debug */,
				A8FC2DF51A1038EE00A204DB /* Release */,
			);
			defaultConfigurationIsVisible = 0;
		};
/* End XCConfigurationList section */
	};
	rootObject = A8FC2DBF1A1038EE00A204DB /* Project object */;
}
